Microsoft Visual Studio Solution File, Format Version 12.00
# Visual Studio Version 17
VisualStudioVersion = 17.12.0.0
MinimumVisualStudioVersion = 10.0.40219.1
Project("{2150E333-8FDC-42A3-9474-1A3956D46DE8}") = "backend", "backend", "{F1A2B3C4-D5E6-4F7A-8B9C-0D1E2F3A4B5C}"
EndProject
Project("{2150E333-8FDC-42A3-9474-1A3956D46DE8}") = "mobile", "mobile", "{A1B2C3D4-E5F6-4A7B-8C9D-0E1F2A3B4C5D}"
EndProject
Project("{FAE04EC0-301F-11D3-BF4B-00C04F79EFBC}") = "Rascor.App", "mobile\Rascor.App\Rascor.App.csproj", "{55555555-5555-5555-5555-555555555555}"
EndProject
Project("{FAE04EC0-301F-11D3-BF4B-00C04F79EFBC}") = "Rascor.App.Core", "mobile\Rascor.App.Core\Rascor.App.Core.csproj", "{66666666-6666-6666-6666-666666666666}"
EndProject
Project("{FAE04EC0-301F-11D3-BF4B-00C04F79EFBC}") = "Rascor.Api", "backend\src\Rascor.Api\Rascor.Api.csproj", "{D6E878C8-2C87-6384-07BA-CDC8CD42EFA7}"
EndProject
Project("{FAE04EC0-301F-11D3-BF4B-00C04F79EFBC}") = "Rascor.Application", "backend\src\Rascor.Application\Rascor.Application.csproj", "{0500C5C4-703D-BF9E-07E8-18FDB6C3506C}"
EndProject
Project("{FAE04EC0-301F-11D3-BF4B-00C04F79EFBC}") = "Rascor.Domain", "backend\src\Rascor.Domain\Rascor.Domain.csproj", "{D71ECB83-D91E-5A44-F391-827F9F4B91F5}"
EndProject
Project("{FAE04EC0-301F-11D3-BF4B-00C04F79EFBC}") = "Rascor.Infrastructure", "backend\src\Rascor.Infrastructure\Rascor.Infrastructure.csproj", "{609B79E0-4D43-B330-F67B-56D4994C1892}"
EndProject
Global
	GlobalSection(SolutionConfigurationPlatforms) = preSolution
		Debug|Any CPU = Debug|Any CPU
		Release|Any CPU = Release|Any CPU
	EndGlobalSection
	GlobalSection(ProjectConfigurationPlatforms) = postSolution
		{55555555-5555-5555-5555-555555555555}.Debug|Any CPU.ActiveCfg = Debug|Any CPU
		{55555555-5555-5555-5555-555555555555}.Debug|Any CPU.Build.0 = Debug|Any CPU
		{55555555-5555-5555-5555-555555555555}.Debug|Any CPU.Deploy.0 = Debug|Any CPU
		{55555555-5555-5555-5555-555555555555}.Release|Any CPU.ActiveCfg = Release|Any CPU
		{55555555-5555-5555-5555-555555555555}.Release|Any CPU.Build.0 = Release|Any CPU
		{55555555-5555-5555-5555-555555555555}.Release|Any CPU.Deploy.0 = Release|Any CPU
		{66666666-6666-6666-6666-666666666666}.Debug|Any CPU.ActiveCfg = Debug|Any CPU
		{66666666-6666-6666-6666-666666666666}.Debug|Any CPU.Build.0 = Debug|Any CPU
		{66666666-6666-6666-6666-666666666666}.Release|Any CPU.ActiveCfg = Release|Any CPU
		{66666666-6666-6666-6666-666666666666}.Release|Any CPU.Build.0 = Release|Any CPU
		{D6E878C8-2C87-6384-07BA-CDC8CD42EFA7}.Debug|Any CPU.ActiveCfg = Debug|Any CPU
		{D6E878C8-2C87-6384-07BA-CDC8CD42EFA7}.Debug|Any CPU.Build.0 = Debug|Any CPU
		{D6E878C8-2C87-6384-07BA-CDC8CD42EFA7}.Release|Any CPU.ActiveCfg = Release|Any CPU
		{D6E878C8-2C87-6384-07BA-CDC8CD42EFA7}.Release|Any CPU.Build.0 = Release|Any CPU
		{0500C5C4-703D-BF9E-07E8-18FDB6C3506C}.Debug|Any CPU.ActiveCfg = Debug|Any CPU
		{0500C5C4-703D-BF9E-07E8-18FDB6C3506C}.Debug|Any CPU.Build.0 = Debug|Any CPU
		{0500C5C4-703D-BF9E-07E8-18FDB6C3506C}.Release|Any CPU.ActiveCfg = Release|Any CPU
		{0500C5C4-703D-BF9E-07E8-18FDB6C3506C}.Release|Any CPU.Build.0 = Release|Any CPU
		{D71ECB83-D91E-5A44-F391-827F9F4B91F5}.Debug|Any CPU.ActiveCfg = Debug|Any CPU
		{D71ECB83-D91E-5A44-F391-827F9F4B91F5}.Debug|Any CPU.Build.0 = Debug|Any CPU
		{D71ECB83-D91E-5A44-F391-827F9F4B91F5}.Release|Any CPU.ActiveCfg = Release|Any CPU
		{D71ECB83-D91E-5A44-F391-827F9F4B91F5}.Release|Any CPU.Build.0 = Release|Any CPU
		{609B79E0-4D43-B330-F67B-56D4994C1892}.Debug|Any CPU.ActiveCfg = Debug|Any CPU
		{609B79E0-4D43-B330-F67B-56D4994C1892}.Debug|Any CPU.Build.0 = Debug|Any CPU
		{609B79E0-4D43-B330-F67B-56D4994C1892}.Release|Any CPU.ActiveCfg = Release|Any CPU
		{609B79E0-4D43-B330-F67B-56D4994C1892}.Release|Any CPU.Build.0 = Release|Any CPU
	EndGlobalSection
	GlobalSection(SolutionProperties) = preSolution
		HideSolutionNode = FALSE
	EndGlobalSection
	GlobalSection(NestedProjects) = preSolution
		{55555555-5555-5555-5555-555555555555} = {A1B2C3D4-E5F6-4A7B-8C9D-0E1F2A3B4C5D}
		{66666666-6666-6666-6666-666666666666} = {A1B2C3D4-E5F6-4A7B-8C9D-0E1F2A3B4C5D}
		{D6E878C8-2C87-6384-07BA-CDC8CD42EFA7} = {F1A2B3C4-D5E6-4F7A-8B9C-0D1E2F3A4B5C}
		{0500C5C4-703D-BF9E-07E8-18FDB6C3506C} = {F1A2B3C4-D5E6-4F7A-8B9C-0D1E2F3A4B5C}
		{D71ECB83-D91E-5A44-F391-827F9F4B91F5} = {F1A2B3C4-D5E6-4F7A-8B9C-0D1E2F3A4B5C}
		{609B79E0-4D43-B330-F67B-56D4994C1892} = {F1A2B3C4-D5E6-4F7A-8B9C-0D1E2F3A4B5C}
	EndGlobalSection
	GlobalSection(ExtensibilityGlobals) = postSolution
		SolutionGuid = {99999999-9999-9999-9999-999999999999}
	EndGlobalSection
EndGlobal
